
Microsoft Visual Studio Solution File, Format Version 12.00
# Visual Studio Version 17
VisualStudioVersion = 17.3.32819.101
MinimumVisualStudioVersion = 10.0.40219.1
Project("{888888A0-9F3D-457C-B088-3A5042F75D52}") = "slayTheSpire", "slayTheSpire\slayTheSpire.pyproj", "{8D848EB2-1B5C-4FDC-B44A-9FA04BAFA4AD}"
EndProject
Global
	GlobalSection(SolutionConfigurationPlatforms) = preSolution
		Debug|Any CPU = Debug|Any CPU
		Release|Any CPU = Release|Any CPU
	EndGlobalSection
	GlobalSection(ProjectConfigurationPlatforms) = postSolution
		{8D848EB2-1B5C-4FDC-B44A-9FA04BAFA4AD}.Debug|Any CPU.ActiveCfg = Debug|Any CPU
		{8D848EB2-1B5C-4FDC-B44A-9FA04BAFA4AD}.Release|Any CPU.ActiveCfg = Release|Any CPU
	EndGlobalSection
	GlobalSection(SolutionProperties) = preSolution
		HideSolutionNode = FALSE
	EndGlobalSection
	GlobalSection(ExtensibilityGlobals) = postSolution
		SolutionGuid = {EA31BCA2-63AC-4A19-B716-B327B91B2161}
	EndGlobalSection
EndGlobal
